// !$*UTF8*$!
{
	archiveVersion = 1;
	classes = {
	};
	objectVersion = 46;
	objects = {

/* Begin PBXBuildFile section */
		3A69E7811B0FFBA700B5130F /* AppDelegate.swift in Sources */ = {isa = PBXBuildFile; fileRef = 3A69E7801B0FFBA700B5130F /* AppDelegate.swift */; };
		3A69E7831B0FFBA700B5130F /* ViewController.swift in Sources */ = {isa = PBXBuildFile; fileRef = 3A69E7821B0FFBA700B5130F /* ViewController.swift */; };
		3A69E7861B0FFBA700B5130F /* Main.storyboard in Resources */ = {isa = PBXBuildFile; fileRef = 3A69E7841B0FFBA700B5130F /* Main.storyboard */; };
		3A69E7881B0FFBA700B5130F /* Images.xcassets in Resources */ = {isa = PBXBuildFile; fileRef = 3A69E7871B0FFBA700B5130F /* Images.xcassets */; };
		3A69E78B1B0FFBA700B5130F /* LaunchScreen.xib in Resources */ = {isa = PBXBuildFile; fileRef = 3A69E7891B0FFBA700B5130F /* LaunchScreen.xib */; };
		3A69E7971B0FFBA800B5130F /* TinckerTests.swift in Sources */ = {isa = PBXBuildFile; fileRef = 3A69E7961B0FFBA800B5130F /* TinckerTests.swift */; };
		3A69E7A51B0FFCDD00B5130F /* Bolts.framework in Frameworks */ = {isa = PBXBuildFile; fileRef = 3A69E7A01B0FFCDD00B5130F /* Bolts.framework */; };
		3A69E7A61B0FFCDD00B5130F /* Parse.framework in Frameworks */ = {isa = PBXBuildFile; fileRef = 3A69E7A11B0FFCDD00B5130F /* Parse.framework */; };
		3A69E7A71B0FFCDD00B5130F /* ParseCrashReporting.framework in Frameworks */ = {isa = PBXBuildFile; fileRef = 3A69E7A21B0FFCDD00B5130F /* ParseCrashReporting.framework */; };
		3A69E7A81B0FFCDD00B5130F /* ParseFacebookUtilsV4.framework in Frameworks */ = {isa = PBXBuildFile; fileRef = 3A69E7A31B0FFCDD00B5130F /* ParseFacebookUtilsV4.framework */; };
		3A69E7A91B0FFCDD00B5130F /* ParseUI.framework in Frameworks */ = {isa = PBXBuildFile; fileRef = 3A69E7A41B0FFCDD00B5130F /* ParseUI.framework */; };
		3A69E7B11B0FFD3100B5130F /* FBAudienceNetwork.framework in Frameworks */ = {isa = PBXBuildFile; fileRef = 3A69E7AC1B0FFD3100B5130F /* FBAudienceNetwork.framework */; };
		3A69E7B21B0FFD3100B5130F /* FBSDKCoreKit.framework in Frameworks */ = {isa = PBXBuildFile; fileRef = 3A69E7AD1B0FFD3100B5130F /* FBSDKCoreKit.framework */; };
		3A69E7B31B0FFD3100B5130F /* FBSDKLoginKit.framework in Frameworks */ = {isa = PBXBuildFile; fileRef = 3A69E7AE1B0FFD3100B5130F /* FBSDKLoginKit.framework */; };
		3A69E7B41B0FFD3100B5130F /* FBSDKMessengerShareKit.framework in Frameworks */ = {isa = PBXBuildFile; fileRef = 3A69E7AF1B0FFD3100B5130F /* FBSDKMessengerShareKit.framework */; };
		3A69E7B51B0FFD3100B5130F /* FBSDKShareKit.framework in Frameworks */ = {isa = PBXBuildFile; fileRef = 3A69E7B01B0FFD3100B5130F /* FBSDKShareKit.framework */; };
		3A69E7B71B0FFE8B00B5130F /* CFNetwork.framework in Frameworks */ = {isa = PBXBuildFile; fileRef = 3A69E7B61B0FFE8B00B5130F /* CFNetwork.framework */; };
		3A69E7B91B0FFF0700B5130F /* QuartzCore.framework in Frameworks */ = {isa = PBXBuildFile; fileRef = 3A69E7B81B0FFF0700B5130F /* QuartzCore.framework */; };
		3A69E7BB1B0FFF1600B5130F /* CoreLocation.framework in Frameworks */ = {isa = PBXBuildFile; fileRef = 3A69E7BA1B0FFF1600B5130F /* CoreLocation.framework */; };
		3A69E7BD1B0FFF1E00B5130F /* CoreGraphics.framework in Frameworks */ = {isa = PBXBuildFile; fileRef = 3A69E7BC1B0FFF1E00B5130F /* CoreGraphics.framework */; };
		3A69E7BF1B0FFF2800B5130F /* MobileCoreServices.framework in Frameworks */ = {isa = PBXBuildFile; fileRef = 3A69E7BE1B0FFF2800B5130F /* MobileCoreServices.framework */; };
		3A69E7C11B0FFF4200B5130F /* SystemConfiguration.framework in Frameworks */ = {isa = PBXBuildFile; fileRef = 3A69E7C01B0FFF4200B5130F /* SystemConfiguration.framework */; };
		3A69E7C31B0FFF5000B5130F /* Security.framework in Frameworks */ = {isa = PBXBuildFile; fileRef = 3A69E7C21B0FFF5000B5130F /* Security.framework */; };
		3A69E7C51B0FFF5A00B5130F /* StoreKit.framework in Frameworks */ = {isa = PBXBuildFile; fileRef = 3A69E7C41B0FFF5A00B5130F /* StoreKit.framework */; };
		3A69E7C71B0FFF6300B5130F /* libsqlite3.dylib in Frameworks */ = {isa = PBXBuildFile; fileRef = 3A69E7C61B0FFF6300B5130F /* libsqlite3.dylib */; };
		3A69E7C91B0FFF6B00B5130F /* libz.dylib in Frameworks */ = {isa = PBXBuildFile; fileRef = 3A69E7C81B0FFF6B00B5130F /* libz.dylib */; };
		3A69E7CE1B1000D100B5130F /* AudioToolbox.framework in Frameworks */ = {isa = PBXBuildFile; fileRef = 3A69E7CD1B1000D100B5130F /* AudioToolbox.framework */; };
/* End PBXBuildFile section */

/* Begin PBXContainerItemProxy section */
		3A69E7911B0FFBA800B5130F /* PBXContainerItemProxy */ = {
			isa = PBXContainerItemProxy;
			containerPortal = 3A69E7731B0FFBA700B5130F /* Project object */;
			proxyType = 1;
			remoteGlobalIDString = 3A69E77A1B0FFBA700B5130F;
			remoteInfo = Tincker;
		};
/* End PBXContainerItemProxy section */

/* Begin PBXFileReference section */
		3A69E77B1B0FFBA700B5130F /* Tincker.app */ = {isa = PBXFileReference; explicitFileType = wrapper.application; includeInIndex = 0; path = Tincker.app; sourceTree = BUILT_PRODUCTS_DIR; };
		3A69E77F1B0FFBA700B5130F /* Info.plist */ = {isa = PBXFileReference; lastKnownFileType = text.plist.xml; path = Info.plist; sourceTree = "<group>"; };
		3A69E7801B0FFBA700B5130F /* AppDelegate.swift */ = {isa = PBXFileReference; lastKnownFileType = sourcecode.swift; path = AppDelegate.swift; sourceTree = "<group>"; };
		3A69E7821B0FFBA700B5130F /* ViewController.swift */ = {isa = PBXFileReference; lastKnownFileType = sourcecode.swift; path = ViewController.swift; sourceTree = "<group>"; };
		3A69E7851B0FFBA700B5130F /* Base */ = {isa = PBXFileReference; lastKnownFileType = file.storyboard; name = Base; path = Base.lproj/Main.storyboard; sourceTree = "<group>"; };
		3A69E7871B0FFBA700B5130F /* Images.xcassets */ = {isa = PBXFileReference; lastKnownFileType = folder.assetcatalog; path = Images.xcassets; sourceTree = "<group>"; };
		3A69E78A1B0FFBA700B5130F /* Base */ = {isa = PBXFileReference; lastKnownFileType = file.xib; name = Base; path = Base.lproj/LaunchScreen.xib; sourceTree = "<group>"; };
		3A69E7901B0FFBA800B5130F /* TinckerTests.xctest */ = {isa = PBXFileReference; explicitFileType = wrapper.cfbundle; includeInIndex = 0; path = TinckerTests.xctest; sourceTree = BUILT_PRODUCTS_DIR; };
		3A69E7951B0FFBA800B5130F /* Info.plist */ = {isa = PBXFileReference; lastKnownFileType = text.plist.xml; path = Info.plist; sourceTree = "<group>"; };
		3A69E7961B0FFBA800B5130F /* TinckerTests.swift */ = {isa = PBXFileReference; lastKnownFileType = sourcecode.swift; path = TinckerTests.swift; sourceTree = "<group>"; };
		3A69E7A01B0FFCDD00B5130F /* Bolts.framework */ = {isa = PBXFileReference; lastKnownFileType = wrapper.framework; name = Bolts.framework; path = "../../../../Downloads/parse-library-1/Bolts.framework"; sourceTree = "<group>"; };
		3A69E7A11B0FFCDD00B5130F /* Parse.framework */ = {isa = PBXFileReference; lastKnownFileType = wrapper.framework; name = Parse.framework; path = "../../../../Downloads/parse-library-1/Parse.framework"; sourceTree = "<group>"; };
		3A69E7A21B0FFCDD00B5130F /* ParseCrashReporting.framework */ = {isa = PBXFileReference; lastKnownFileType = wrapper.framework; name = ParseCrashReporting.framework; path = "../../../../Downloads/parse-library-1/ParseCrashReporting.framework"; sourceTree = "<group>"; };
		3A69E7A31B0FFCDD00B5130F /* ParseFacebookUtilsV4.framework */ = {isa = PBXFileReference; lastKnownFileType = wrapper.framework; name = ParseFacebookUtilsV4.framework; path = "../../../../Downloads/parse-library-1/ParseFacebookUtilsV4.framework"; sourceTree = "<group>"; };
		3A69E7A41B0FFCDD00B5130F /* ParseUI.framework */ = {isa = PBXFileReference; lastKnownFileType = wrapper.framework; name = ParseUI.framework; path = "../../../../Downloads/parse-library-1/ParseUI.framework"; sourceTree = "<group>"; };
		3A69E7AC1B0FFD3100B5130F /* FBAudienceNetwork.framework */ = {isa = PBXFileReference; lastKnownFileType = wrapper.framework; name = FBAudienceNetwork.framework; path = ../../../FacebookSDK/FBAudienceNetwork.framework; sourceTree = "<group>"; };
		3A69E7AD1B0FFD3100B5130F /* FBSDKCoreKit.framework */ = {isa = PBXFileReference; lastKnownFileType = wrapper.framework; name = FBSDKCoreKit.framework; path = ../../../FacebookSDK/FBSDKCoreKit.framework; sourceTree = "<group>"; };
		3A69E7AE1B0FFD3100B5130F /* FBSDKLoginKit.framework */ = {isa = PBXFileReference; lastKnownFileType = wrapper.framework; name = FBSDKLoginKit.framework; path = ../../../FacebookSDK/FBSDKLoginKit.framework; sourceTree = "<group>"; };
		3A69E7AF1B0FFD3100B5130F /* FBSDKMessengerShareKit.framework */ = {isa = PBXFileReference; lastKnownFileType = wrapper.framework; name = FBSDKMessengerShareKit.framework; path = ../../../FacebookSDK/FBSDKMessengerShareKit.framework; sourceTree = "<group>"; };
		3A69E7B01B0FFD3100B5130F /* FBSDKShareKit.framework */ = {isa = PBXFileReference; lastKnownFileType = wrapper.framework; name = FBSDKShareKit.framework; path = ../../../FacebookSDK/FBSDKShareKit.framework; sourceTree = "<group>"; };
		3A69E7B61B0FFE8B00B5130F /* CFNetwork.framework */ = {isa = PBXFileReference; lastKnownFileType = wrapper.framework; name = CFNetwork.framework; path = System/Library/Frameworks/CFNetwork.framework; sourceTree = SDKROOT; };
		3A69E7B81B0FFF0700B5130F /* QuartzCore.framework */ = {isa = PBXFileReference; lastKnownFileType = wrapper.framework; name = QuartzCore.framework; path = System/Library/Frameworks/QuartzCore.framework; sourceTree = SDKROOT; };
		3A69E7BA1B0FFF1600B5130F /* CoreLocation.framework */ = {isa = PBXFileReference; lastKnownFileType = wrapper.framework; name = CoreLocation.framework; path = System/Library/Frameworks/CoreLocation.framework; sourceTree = SDKROOT; };
		3A69E7BC1B0FFF1E00B5130F /* CoreGraphics.framework */ = {isa = PBXFileReference; lastKnownFileType = wrapper.framework; name = CoreGraphics.framework; path = System/Library/Frameworks/CoreGraphics.framework; sourceTree = SDKROOT; };
		3A69E7BE1B0FFF2800B5130F /* MobileCoreServices.framework */ = {isa = PBXFileReference; lastKnownFileType = wrapper.framework; name = MobileCoreServices.framework; path = System/Library/Frameworks/MobileCoreServices.framework; sourceTree = SDKROOT; };
		3A69E7C01B0FFF4200B5130F /* SystemConfiguration.framework */ = {isa = PBXFileReference; lastKnownFileType = wrapper.framework; name = SystemConfiguration.framework; path = System/Library/Frameworks/SystemConfiguration.framework; sourceTree = SDKROOT; };
		3A69E7C21B0FFF5000B5130F /* Security.framework */ = {isa = PBXFileReference; lastKnownFileType = wrapper.framework; name = Security.framework; path = System/Library/Frameworks/Security.framework; sourceTree = SDKROOT; };
		3A69E7C41B0FFF5A00B5130F /* StoreKit.framework */ = {isa = PBXFileReference; lastKnownFileType = wrapper.framework; name = StoreKit.framework; path = System/Library/Frameworks/StoreKit.framework; sourceTree = SDKROOT; };
		3A69E7C61B0FFF6300B5130F /* libsqlite3.dylib */ = {isa = PBXFileReference; lastKnownFileType = "compiled.mach-o.dylib"; name = libsqlite3.dylib; path = usr/lib/libsqlite3.dylib; sourceTree = SDKROOT; };
		3A69E7C81B0FFF6B00B5130F /* libz.dylib */ = {isa = PBXFileReference; lastKnownFileType = "compiled.mach-o.dylib"; name = libz.dylib; path = usr/lib/libz.dylib; sourceTree = SDKROOT; };
		3A69E7CA1B0FFFD700B5130F /* Tincker-Bridging-Header.h */ = {isa = PBXFileReference; lastKnownFileType = sourcecode.c.h; path = "Tincker-Bridging-Header.h"; sourceTree = "<group>"; };
		3A69E7CD1B1000D100B5130F /* AudioToolbox.framework */ = {isa = PBXFileReference; lastKnownFileType = wrapper.framework; name = AudioToolbox.framework; path = System/Library/Frameworks/AudioToolbox.framework; sourceTree = SDKROOT; };
/* End PBXFileReference section */

/* Begin PBXFrameworksBuildPhase section */
		3A69E7781B0FFBA700B5130F /* Frameworks */ = {
			isa = PBXFrameworksBuildPhase;
			buildActionMask = 2147483647;
			files = (
				3A69E7CE1B1000D100B5130F /* AudioToolbox.framework in Frameworks */,
				3A69E7C91B0FFF6B00B5130F /* libz.dylib in Frameworks */,
				3A69E7C71B0FFF6300B5130F /* libsqlite3.dylib in Frameworks */,
				3A69E7C51B0FFF5A00B5130F /* StoreKit.framework in Frameworks */,
				3A69E7C31B0FFF5000B5130F /* Security.framework in Frameworks */,
				3A69E7C11B0FFF4200B5130F /* SystemConfiguration.framework in Frameworks */,
				3A69E7BF1B0FFF2800B5130F /* MobileCoreServices.framework in Frameworks */,
				3A69E7BD1B0FFF1E00B5130F /* CoreGraphics.framework in Frameworks */,
				3A69E7BB1B0FFF1600B5130F /* CoreLocation.framework in Frameworks */,
				3A69E7B91B0FFF0700B5130F /* QuartzCore.framework in Frameworks */,
				3A69E7B71B0FFE8B00B5130F /* CFNetwork.framework in Frameworks */,
				3A69E7A61B0FFCDD00B5130F /* Parse.framework in Frameworks */,
				3A69E7A71B0FFCDD00B5130F /* ParseCrashReporting.framework in Frameworks */,
				3A69E7B51B0FFD3100B5130F /* FBSDKShareKit.framework in Frameworks */,
				3A69E7A91B0FFCDD00B5130F /* ParseUI.framework in Frameworks */,
				3A69E7B11B0FFD3100B5130F /* FBAudienceNetwork.framework in Frameworks */,
				3A69E7B41B0FFD3100B5130F /* FBSDKMessengerShareKit.framework in Frameworks */,
				3A69E7B21B0FFD3100B5130F /* FBSDKCoreKit.framework in Frameworks */,
				3A69E7A81B0FFCDD00B5130F /* ParseFacebookUtilsV4.framework in Frameworks */,
				3A69E7B31B0FFD3100B5130F /* FBSDKLoginKit.framework in Frameworks */,
				3A69E7A51B0FFCDD00B5130F /* Bolts.framework in Frameworks */,
			);
			runOnlyForDeploymentPostprocessing = 0;
		};
		3A69E78D1B0FFBA800B5130F /* Frameworks */ = {
			isa = PBXFrameworksBuildPhase;
			buildActionMask = 2147483647;
			files = (
			);
			runOnlyForDeploymentPostprocessing = 0;
		};
/* End PBXFrameworksBuildPhase section */

/* Begin PBXGroup section */
		3A69E7721B0FFBA700B5130F = {
			isa = PBXGroup;
			children = (
				3A69E7CD1B1000D100B5130F /* AudioToolbox.framework */,
				3A69E7C81B0FFF6B00B5130F /* libz.dylib */,
				3A69E7C61B0FFF6300B5130F /* libsqlite3.dylib */,
				3A69E7C41B0FFF5A00B5130F /* StoreKit.framework */,
				3A69E7C21B0FFF5000B5130F /* Security.framework */,
				3A69E7C01B0FFF4200B5130F /* SystemConfiguration.framework */,
				3A69E7BE1B0FFF2800B5130F /* MobileCoreServices.framework */,
				3A69E7BC1B0FFF1E00B5130F /* CoreGraphics.framework */,
				3A69E7BA1B0FFF1600B5130F /* CoreLocation.framework */,
				3A69E7B81B0FFF0700B5130F /* QuartzCore.framework */,
				3A69E7B61B0FFE8B00B5130F /* CFNetwork.framework */,
				3A69E77D1B0FFBA700B5130F /* Tincker */,
				3A69E7931B0FFBA800B5130F /* TinckerTests */,
				3A69E77C1B0FFBA700B5130F /* Products */,
				3A69E7CA1B0FFFD700B5130F /* Tincker-Bridging-Header.h */,
			);
			sourceTree = "<group>";
		};
		3A69E77C1B0FFBA700B5130F /* Products */ = {
			isa = PBXGroup;
			children = (
				3A69E77B1B0FFBA700B5130F /* Tincker.app */,
				3A69E7901B0FFBA800B5130F /* TinckerTests.xctest */,
			);
			name = Products;
			sourceTree = "<group>";
		};
		3A69E77D1B0FFBA700B5130F /* Tincker */ = {
			isa = PBXGroup;
			children = (
				3A69E7801B0FFBA700B5130F /* AppDelegate.swift */,
				3A69E7821B0FFBA700B5130F /* ViewController.swift */,
				3A69E7841B0FFBA700B5130F /* Main.storyboard */,
				3A69E7871B0FFBA700B5130F /* Images.xcassets */,
				3A69E7891B0FFBA700B5130F /* LaunchScreen.xib */,
				3A69E7AC1B0FFD3100B5130F /* FBAudienceNetwork.framework */,
				3A69E7AD1B0FFD3100B5130F /* FBSDKCoreKit.framework */,
				3A69E7AE1B0FFD3100B5130F /* FBSDKLoginKit.framework */,
				3A69E7AF1B0FFD3100B5130F /* FBSDKMessengerShareKit.framework */,
				3A69E7B01B0FFD3100B5130F /* FBSDKShareKit.framework */,
				3A69E7A01B0FFCDD00B5130F /* Bolts.framework */,
				3A69E7A11B0FFCDD00B5130F /* Parse.framework */,
				3A69E7A21B0FFCDD00B5130F /* ParseCrashReporting.framework */,
				3A69E7A31B0FFCDD00B5130F /* ParseFacebookUtilsV4.framework */,
				3A69E7A41B0FFCDD00B5130F /* ParseUI.framework */,
				3A69E77E1B0FFBA700B5130F /* Supporting Files */,
			);
			path = Tincker;
			sourceTree = "<group>";
		};
		3A69E77E1B0FFBA700B5130F /* Supporting Files */ = {
			isa = PBXGroup;
			children = (
				3A69E77F1B0FFBA700B5130F /* Info.plist */,
			);
			name = "Supporting Files";
			sourceTree = "<group>";
		};
		3A69E7931B0FFBA800B5130F /* TinckerTests */ = {
			isa = PBXGroup;
			children = (
				3A69E7961B0FFBA800B5130F /* TinckerTests.swift */,
				3A69E7941B0FFBA800B5130F /* Supporting Files */,
			);
			path = TinckerTests;
			sourceTree = "<group>";
		};
		3A69E7941B0FFBA800B5130F /* Supporting Files */ = {
			isa = PBXGroup;
			children = (
				3A69E7951B0FFBA800B5130F /* Info.plist */,
			);
			name = "Supporting Files";
			sourceTree = "<group>";
		};
/* End PBXGroup section */

/* Begin PBXNativeTarget section */
		3A69E77A1B0FFBA700B5130F /* Tincker */ = {
			isa = PBXNativeTarget;
			buildConfigurationList = 3A69E79A1B0FFBA800B5130F /* Build configuration list for PBXNativeTarget "Tincker" */;
			buildPhases = (
				3A69E7771B0FFBA700B5130F /* Sources */,
				3A69E7781B0FFBA700B5130F /* Frameworks */,
				3A69E7791B0FFBA700B5130F /* Resources */,
			);
			buildRules = (
			);
			dependencies = (
			);
			name = Tincker;
			productName = Tincker;
			productReference = 3A69E77B1B0FFBA700B5130F /* Tincker.app */;
			productType = "com.apple.product-type.application";
		};
		3A69E78F1B0FFBA800B5130F /* TinckerTests */ = {
			isa = PBXNativeTarget;
			buildConfigurationList = 3A69E79D1B0FFBA800B5130F /* Build configuration list for PBXNativeTarget "TinckerTests" */;
			buildPhases = (
				3A69E78C1B0FFBA800B5130F /* Sources */,
				3A69E78D1B0FFBA800B5130F /* Frameworks */,
				3A69E78E1B0FFBA800B5130F /* Resources */,
			);
			buildRules = (
			);
			dependencies = (
				3A69E7921B0FFBA800B5130F /* PBXTargetDependency */,
			);
			name = TinckerTests;
			productName = TinckerTests;
			productReference = 3A69E7901B0FFBA800B5130F /* TinckerTests.xctest */;
			productType = "com.apple.product-type.bundle.unit-test";
		};
/* End PBXNativeTarget section */

/* Begin PBXProject section */
		3A69E7731B0FFBA700B5130F /* Project object */ = {
			isa = PBXProject;
			attributes = {
				LastUpgradeCheck = 0630;
				ORGANIZATIONNAME = "Vantol Bennett";
				TargetAttributes = {
					3A69E77A1B0FFBA700B5130F = {
						CreatedOnToolsVersion = 6.3.1;
					};
					3A69E78F1B0FFBA800B5130F = {
						CreatedOnToolsVersion = 6.3.1;
						TestTargetID = 3A69E77A1B0FFBA700B5130F;
					};
				};
			};
			buildConfigurationList = 3A69E7761B0FFBA700B5130F /* Build configuration list for PBXProject "Tincker" */;
			compatibilityVersion = "Xcode 3.2";
			developmentRegion = English;
			hasScannedForEncodings = 0;
			knownRegions = (
				en,
				Base,
			);
			mainGroup = 3A69E7721B0FFBA700B5130F;
			productRefGroup = 3A69E77C1B0FFBA700B5130F /* Products */;
			projectDirPath = "";
			projectRoot = "";
			targets = (
				3A69E77A1B0FFBA700B5130F /* Tincker */,
				3A69E78F1B0FFBA800B5130F /* TinckerTests */,
			);
		};
/* End PBXProject section */

/* Begin PBXResourcesBuildPhase section */
		3A69E7791B0FFBA700B5130F /* Resources */ = {
			isa = PBXResourcesBuildPhase;
			buildActionMask = 2147483647;
			files = (
				3A69E7861B0FFBA700B5130F /* Main.storyboard in Resources */,
				3A69E78B1B0FFBA700B5130F /* LaunchScreen.xib in Resources */,
				3A69E7881B0FFBA700B5130F /* Images.xcassets in Resources */,
			);
			runOnlyForDeploymentPostprocessing = 0;
		};
		3A69E78E1B0FFBA800B5130F /* Resources */ = {
			isa = PBXResourcesBuildPhase;
			buildActionMask = 2147483647;
			files = (
			);
			runOnlyForDeploymentPostprocessing = 0;
		};
/* End PBXResourcesBuildPhase section */

/* Begin PBXSourcesBuildPhase section */
		3A69E7771B0FFBA700B5130F /* Sources */ = {
			isa = PBXSourcesBuildPhase;
			buildActionMask = 2147483647;
			files = (
				3A69E7831B0FFBA700B5130F /* ViewController.swift in Sources */,
				3A69E7811B0FFBA700B5130F /* AppDelegate.swift in Sources */,
			);
			runOnlyForDeploymentPostprocessing = 0;
		};
		3A69E78C1B0FFBA800B5130F /* Sources */ = {
			isa = PBXSourcesBuildPhase;
			buildActionMask = 2147483647;
			files = (
				3A69E7971B0FFBA800B5130F /* TinckerTests.swift in Sources */,
			);
			runOnlyForDeploymentPostprocessing = 0;
		};
/* End PBXSourcesBuildPhase section */

/* Begin PBXTargetDependency section */
		3A69E7921B0FFBA800B5130F /* PBXTargetDependency */ = {
			isa = PBXTargetDependency;
			target = 3A69E77A1B0FFBA700B5130F /* Tincker */;
			targetProxy = 3A69E7911B0FFBA800B5130F /* PBXContainerItemProxy */;
		};
/* End PBXTargetDependency section */

/* Begin PBXVariantGroup section */
		3A69E7841B0FFBA700B5130F /* Main.storyboard */ = {
			isa = PBXVariantGroup;
			children = (
				3A69E7851B0FFBA700B5130F /* Base */,
			);
			name = Main.storyboard;
			sourceTree = "<group>";
		};
		3A69E7891B0FFBA700B5130F /* LaunchScreen.xib */ = {
			isa = PBXVariantGroup;
			children = (
				3A69E78A1B0FFBA700B5130F /* Base */,
			);
			name = LaunchScreen.xib;
			sourceTree = "<group>";
		};
/* End PBXVariantGroup section */

/* Begin XCBuildConfiguration section */
		3A69E7981B0FFBA800B5130F /* Debug */ = {
			isa = XCBuildConfiguration;
			buildSettings = {
				ALWAYS_SEARCH_USER_PATHS = NO;
				CLANG_CXX_LANGUAGE_STANDARD = "gnu++0x";
				CLANG_CXX_LIBRARY = "libc++";
				CLANG_ENABLE_MODULES = YES;
				CLANG_ENABLE_OBJC_ARC = YES;
				CLANG_WARN_BOOL_CONVERSION = YES;
				CLANG_WARN_CONSTANT_CONVERSION = YES;
				CLANG_WARN_DIRECT_OBJC_ISA_USAGE = YES_ERROR;
				CLANG_WARN_EMPTY_BODY = YES;
				CLANG_WARN_ENUM_CONVERSION = YES;
				CLANG_WARN_INT_CONVERSION = YES;
				CLANG_WARN_OBJC_ROOT_CLASS = YES_ERROR;
				CLANG_WARN_UNREACHABLE_CODE = YES;
				CLANG_WARN__DUPLICATE_METHOD_MATCH = YES;
				"CODE_SIGN_IDENTITY[sdk=iphoneos*]" = "iPhone Developer";
				COPY_PHASE_STRIP = NO;
				DEBUG_INFORMATION_FORMAT = "dwarf-with-dsym";
				ENABLE_STRICT_OBJC_MSGSEND = YES;
				GCC_C_LANGUAGE_STANDARD = gnu99;
				GCC_DYNAMIC_NO_PIC = NO;
				GCC_NO_COMMON_BLOCKS = YES;
				GCC_OPTIMIZATION_LEVEL = 0;
				GCC_PREPROCESSOR_DEFINITIONS = (
					"DEBUG=1",
					"$(inherited)",
				);
				GCC_SYMBOLS_PRIVATE_EXTERN = NO;
				GCC_WARN_64_TO_32_BIT_CONVERSION = YES;
				GCC_WARN_ABOUT_RETURN_TYPE = YES_ERROR;
				GCC_WARN_UNDECLARED_SELECTOR = YES;
				GCC_WARN_UNINITIALIZED_AUTOS = YES_AGGRESSIVE;
				GCC_WARN_UNUSED_FUNCTION = YES;
				GCC_WARN_UNUSED_VARIABLE = YES;
				IPHONEOS_DEPLOYMENT_TARGET = 8.3;
				MTL_ENABLE_DEBUG_INFO = YES;
				ONLY_ACTIVE_ARCH = YES;
				SDKROOT = iphoneos;
				SWIFT_OPTIMIZATION_LEVEL = "-Onone";
			};
			name = Debug;
		};
		3A69E7991B0FFBA800B5130F /* Release */ = {
			isa = XCBuildConfiguration;
			buildSettings = {
				ALWAYS_SEARCH_USER_PATHS = NO;
				CLANG_CXX_LANGUAGE_STANDARD = "gnu++0x";
				CLANG_CXX_LIBRARY = "libc++";
				CLANG_ENABLE_MODULES = YES;
				CLANG_ENABLE_OBJC_ARC = YES;
				CLANG_WARN_BOOL_CONVERSION = YES;
				CLANG_WARN_CONSTANT_CONVERSION = YES;
				CLANG_WARN_DIRECT_OBJC_ISA_USAGE = YES_ERROR;
				CLANG_WARN_EMPTY_BODY = YES;
				CLANG_WARN_ENUM_CONVERSION = YES;
				CLANG_WARN_INT_CONVERSION = YES;
				CLANG_WARN_OBJC_ROOT_CLASS = YES_ERROR;
				CLANG_WARN_UNREACHABLE_CODE = YES;
				CLANG_WARN__DUPLICATE_METHOD_MATCH = YES;
				"CODE_SIGN_IDENTITY[sdk=iphoneos*]" = "iPhone Developer";
				COPY_PHASE_STRIP = NO;
				DEBUG_INFORMATION_FORMAT = "dwarf-with-dsym";
				ENABLE_NS_ASSERTIONS = NO;
				ENABLE_STRICT_OBJC_MSGSEND = YES;
				GCC_C_LANGUAGE_STANDARD = gnu99;
				GCC_NO_COMMON_BLOCKS = YES;
				GCC_WARN_64_TO_32_BIT_CONVERSION = YES;
				GCC_WARN_ABOUT_RETURN_TYPE = YES_ERROR;
				GCC_WARN_UNDECLARED_SELECTOR = YES;
				GCC_WARN_UNINITIALIZED_AUTOS = YES_AGGRESSIVE;
				GCC_WARN_UNUSED_FUNCTION = YES;
				GCC_WARN_UNUSED_VARIABLE = YES;
				IPHONEOS_DEPLOYMENT_TARGET = 8.3;
				MTL_ENABLE_DEBUG_INFO = NO;
				SDKROOT = iphoneos;
				VALIDATE_PRODUCT = YES;
			};
			name = Release;
		};
		3A69E79B1B0FFBA800B5130F /* Debug */ = {
			isa = XCBuildConfiguration;
			buildSettings = {
				ASSETCATALOG_COMPILER_APPICON_NAME = AppIcon;
				CLANG_ENABLE_MODULES = YES;
				FRAMEWORK_SEARCH_PATHS = (
					"$(inherited)",
					"/Users/vantolbennett/Downloads/parse-library-1",
					/Users/vantolbennett/Documents/FacebookSDK,
				);
				INFOPLIST_FILE = Tincker/Info.plist;
				LD_RUNPATH_SEARCH_PATHS = "$(inherited) @executable_path/Frameworks";
				PRODUCT_NAME = "$(TARGET_NAME)";
				SWIFT_OBJC_BRIDGING_HEADER = "Tincker-Bridging-Header.h";
				SWIFT_OPTIMIZATION_LEVEL = "-Onone";
			};
			name = Debug;
		};
		3A69E79C1B0FFBA800B5130F /* Release */ = {
			isa = XCBuildConfiguration;
			buildSettings = {
				ASSETCATALOG_COMPILER_APPICON_NAME = AppIcon;
				CLANG_ENABLE_MODULES = YES;
				FRAMEWORK_SEARCH_PATHS = (
					"$(inherited)",
					"/Users/vantolbennett/Downloads/parse-library-1",
					/Users/vantolbennett/Documents/FacebookSDK,
				);
				INFOPLIST_FILE = Tincker/Info.plist;
				LD_RUNPATH_SEARCH_PATHS = "$(inherited) @executable_path/Frameworks";
				PRODUCT_NAME = "$(TARGET_NAME)";
				SWIFT_OBJC_BRIDGING_HEADER = "Tincker-Bridging-Header.h";
			};
			name = Release;
		};
		3A69E79E1B0FFBA800B5130F /* Debug */ = {
			isa = XCBuildConfiguration;
			buildSettings = {
				BUNDLE_LOADER = "$(TEST_HOST)";
				FRAMEWORK_SEARCH_PATHS = (
					"$(SDKROOT)/Developer/Library/Frameworks",
					"$(inherited)",
				);
				GCC_PREPROCESSOR_DEFINITIONS = (
					"DEBUG=1",
					"$(inherited)",
				);
				INFOPLIST_FILE = TinckerTests/Info.plist;
				LD_RUNPATH_SEARCH_PATHS = "$(inherited) @executable_path/Frameworks @loader_path/Frameworks";
				PRODUCT_NAME = "$(TARGET_NAME)";
				TEST_HOST = "$(BUILT_PRODUCTS_DIR)/Tincker.app/Tincker";
			};
			name = Debug;
		};
		3A69E79F1B0FFBA800B5130F /* Release */ = {
			isa = XCBuildConfiguration;
			buildSettings = {
				BUNDLE_LOADER = "$(TEST_HOST)";
				FRAMEWORK_SEARCH_PATHS = (
					"$(SDKROOT)/Developer/Library/Frameworks",
					"$(inherited)",
				);
				INFOPLIST_FILE = TinckerTests/Info.plist;
				LD_RUNPATH_SEARCH_PATHS = "$(inherited) @executable_path/Frameworks @loader_path/Frameworks";
				PRODUCT_NAME = "$(TARGET_NAME)";
				TEST_HOST = "$(BUILT_PRODUCTS_DIR)/Tincker.app/Tincker";
			};
			name = Release;
		};
/* End XCBuildConfiguration section */

/* Begin XCConfigurationList section */
		3A69E7761B0FFBA700B5130F /* Build configuration list for PBXProject "Tincker" */ = {
			isa = XCConfigurationList;
			buildConfigurations = (
				3A69E7981B0FFBA800B5130F /* Debug */,
				3A69E7991B0FFBA800B5130F /* Release */,
			);
			defaultConfigurationIsVisible = 0;
			defaultConfigurationName = Release;
		};
		3A69E79A1B0FFBA800B5130F /* Build configuration list for PBXNativeTarget "Tincker" */ = {
			isa = XCConfigurationList;
			buildConfigurations = (
				3A69E79B1B0FFBA800B5130F /* Debug */,
				3A69E79C1B0FFBA800B5130F /* Release */,
			);
			defaultConfigurationIsVisible = 0;
		};
		3A69E79D1B0FFBA800B5130F /* Build configuration list for PBXNativeTarget "TinckerTests" */ = {
			isa = XCConfigurationList;
			buildConfigurations = (
				3A69E79E1B0FFBA800B5130F /* Debug */,
				3A69E79F1B0FFBA800B5130F /* Release */,
			);
			defaultConfigurationIsVisible = 0;
		};
/* End XCConfigurationList section */
	};
	rootObject = 3A69E7731B0FFBA700B5130F /* Project object */;
}
